// !$*UTF8*$!
{
	archiveVersion = 1;
	classes = {
	};
	objectVersion = 52;
	objects = {

/* Begin PBXBuildFile section */
		2B7632E7249D016378CFD393 /* Pods_Quizzoo.framework in Frameworks */ = {isa = PBXBuildFile; fileRef = 69EC1991720AE5E2EB9662EB /* Pods_Quizzoo.framework */; };
		8707C30C24A4023200D4FB66 /* Model.xcdatamodeld in Sources */ = {isa = PBXBuildFile; fileRef = 8707C30A24A4023200D4FB66 /* Model.xcdatamodeld */; };
		8707C30F24A402F000D4FB66 /* Quiz+CoreDataClass.swift in Sources */ = {isa = PBXBuildFile; fileRef = 8707C30E24A402F000D4FB66 /* Quiz+CoreDataClass.swift */; };
		8707C31124A4037C00D4FB66 /* Quiz+CoreDataProperties.swift in Sources */ = {isa = PBXBuildFile; fileRef = 8707C31024A4037C00D4FB66 /* Quiz+CoreDataProperties.swift */; };
		8707C31324A403D500D4FB66 /* Question+CoreDataClass.swift in Sources */ = {isa = PBXBuildFile; fileRef = 8707C31224A403D500D4FB66 /* Question+CoreDataClass.swift */; };
		8707C31524A4040800D4FB66 /* Question+CoreDataProperties.swift in Sources */ = {isa = PBXBuildFile; fileRef = 8707C31424A4040800D4FB66 /* Question+CoreDataProperties.swift */; };
		8707C31724A407CA00D4FB66 /* DataController.swift in Sources */ = {isa = PBXBuildFile; fileRef = 8707C31624A407CA00D4FB66 /* DataController.swift */; };
		8707C31A24A40BC500D4FB66 /* QuizViewModel.swift in Sources */ = {isa = PBXBuildFile; fileRef = 8707C31924A40BC500D4FB66 /* QuizViewModel.swift */; };
		8707C31C24A413A500D4FB66 /* QuestionViewModel.swift in Sources */ = {isa = PBXBuildFile; fileRef = 8707C31B24A413A500D4FB66 /* QuestionViewModel.swift */; };
		871CFC4324A2B6F000DEB203 /* (null) in Embed Frameworks */ = {isa = PBXBuildFile; settings = {ATTRIBUTES = (CodeSignOnCopy, RemoveHeadersOnCopy, ); }; };
		87262426248DB0C5001789C4 /* ContainerView.swift in Sources */ = {isa = PBXBuildFile; fileRef = 87262425248DB0C5001789C4 /* ContainerView.swift */; };
		872AD89F249901CE004C9B05 /* TabBarController.swift in Sources */ = {isa = PBXBuildFile; fileRef = 872AD89E249901CE004C9B05 /* TabBarController.swift */; };
		8756B1EA248FCFCA00E0DD21 /* ResultService.swift in Sources */ = {isa = PBXBuildFile; fileRef = 8756B1E9248FCFCA00E0DD21 /* ResultService.swift */; };
		875DE2E92468596B00E05641 /* LoginViewController.swift in Sources */ = {isa = PBXBuildFile; fileRef = 875DE2E82468596B00E05641 /* LoginViewController.swift */; };
		875DE2F1246885D600E05641 /* LoginService.swift in Sources */ = {isa = PBXBuildFile; fileRef = 875DE2F0246885D600E05641 /* LoginService.swift */; };
		87B0F1A6249D6E7700B30AF0 /* LeaderBoardService.swift in Sources */ = {isa = PBXBuildFile; fileRef = 87B0F1A5249D6E7700B30AF0 /* LeaderBoardService.swift */; };
		87B0F1A8249EC57300B30AF0 /* LeaderboardController.swift in Sources */ = {isa = PBXBuildFile; fileRef = 87B0F1A7249EC57300B30AF0 /* LeaderboardController.swift */; };
		87B0F1AA249F53D600B30AF0 /* LeaderboardCell.swift in Sources */ = {isa = PBXBuildFile; fileRef = 87B0F1A9249F53D600B30AF0 /* LeaderboardCell.swift */; };
		87B0F1AC249F872700B30AF0 /* LeaderboardHeaderView.swift in Sources */ = {isa = PBXBuildFile; fileRef = 87B0F1AB249F872700B30AF0 /* LeaderboardHeaderView.swift */; };
		87B0F1AE249F8F0900B30AF0 /* SettingsViewController.swift in Sources */ = {isa = PBXBuildFile; fileRef = 87B0F1AD249F8F0900B30AF0 /* SettingsViewController.swift */; };
		87B0F1B3249FF32C00B30AF0 /* SearchController.swift in Sources */ = {isa = PBXBuildFile; fileRef = 87B0F1B2249FF32C00B30AF0 /* SearchController.swift */; };
		87B52A4D24674E980081BD70 /* AppDelegate.swift in Sources */ = {isa = PBXBuildFile; fileRef = 87B52A4C24674E980081BD70 /* AppDelegate.swift */; };
		87B52A4F24674E980081BD70 /* SceneDelegate.swift in Sources */ = {isa = PBXBuildFile; fileRef = 87B52A4E24674E980081BD70 /* SceneDelegate.swift */; };
		87B52A5124674E980081BD70 /* ViewController.swift in Sources */ = {isa = PBXBuildFile; fileRef = 87B52A5024674E980081BD70 /* ViewController.swift */; };
		87B52A5624674E9B0081BD70 /* Assets.xcassets in Resources */ = {isa = PBXBuildFile; fileRef = 87B52A5524674E9B0081BD70 /* Assets.xcassets */; };
		87B52A5924674E9B0081BD70 /* LaunchScreen.storyboard in Resources */ = {isa = PBXBuildFile; fileRef = 87B52A5724674E9B0081BD70 /* LaunchScreen.storyboard */; };
		87B52A6224675E920081BD70 /* QuestionView.swift in Sources */ = {isa = PBXBuildFile; fileRef = 87B52A6124675E910081BD70 /* QuestionView.swift */; };
		87B52A64246764CE0081BD70 /* QuizService.swift in Sources */ = {isa = PBXBuildFile; fileRef = 87B52A63246764CE0081BD70 /* QuizService.swift */; };
		87FA79872485951F008D9A80 /* QuizzesCell.swift in Sources */ = {isa = PBXBuildFile; fileRef = 87FA79862485951F008D9A80 /* QuizzesCell.swift */; };
		87FA798C2486F461008D9A80 /* QuizViewController.swift in Sources */ = {isa = PBXBuildFile; fileRef = 87FA798B2486F461008D9A80 /* QuizViewController.swift */; };
/* End PBXBuildFile section */

/* Begin PBXCopyFilesBuildPhase section */
		871CFC4424A2B6F000DEB203 /* Embed Frameworks */ = {
			isa = PBXCopyFilesBuildPhase;
			buildActionMask = 2147483647;
			dstPath = "";
			dstSubfolderSpec = 10;
			files = (
				871CFC4324A2B6F000DEB203 /* (null) in Embed Frameworks */,
			);
			name = "Embed Frameworks";
			runOnlyForDeploymentPostprocessing = 0;
		};
/* End PBXCopyFilesBuildPhase section */

/* Begin PBXFileReference section */
		61F3CA42294CBC61544F7753 /* Pods-Quizzoo.debug.xcconfig */ = {isa = PBXFileReference; includeInIndex = 1; lastKnownFileType = text.xcconfig; name = "Pods-Quizzoo.debug.xcconfig"; path = "Target Support Files/Pods-Quizzoo/Pods-Quizzoo.debug.xcconfig"; sourceTree = "<group>"; };
		69EC1991720AE5E2EB9662EB /* Pods_Quizzoo.framework */ = {isa = PBXFileReference; explicitFileType = wrapper.framework; includeInIndex = 0; path = Pods_Quizzoo.framework; sourceTree = BUILT_PRODUCTS_DIR; };
		8707C30B24A4023200D4FB66 /* Model.xcdatamodel */ = {isa = PBXFileReference; lastKnownFileType = wrapper.xcdatamodel; path = Model.xcdatamodel; sourceTree = "<group>"; };
		8707C30E24A402F000D4FB66 /* Quiz+CoreDataClass.swift */ = {isa = PBXFileReference; lastKnownFileType = sourcecode.swift; path = "Quiz+CoreDataClass.swift"; sourceTree = "<group>"; };
		8707C31024A4037C00D4FB66 /* Quiz+CoreDataProperties.swift */ = {isa = PBXFileReference; lastKnownFileType = sourcecode.swift; path = "Quiz+CoreDataProperties.swift"; sourceTree = "<group>"; };
		8707C31224A403D500D4FB66 /* Question+CoreDataClass.swift */ = {isa = PBXFileReference; lastKnownFileType = sourcecode.swift; path = "Question+CoreDataClass.swift"; sourceTree = "<group>"; };
		8707C31424A4040800D4FB66 /* Question+CoreDataProperties.swift */ = {isa = PBXFileReference; lastKnownFileType = sourcecode.swift; path = "Question+CoreDataProperties.swift"; sourceTree = "<group>"; };
		8707C31624A407CA00D4FB66 /* DataController.swift */ = {isa = PBXFileReference; lastKnownFileType = sourcecode.swift; path = DataController.swift; sourceTree = "<group>"; };
		8707C31924A40BC500D4FB66 /* QuizViewModel.swift */ = {isa = PBXFileReference; lastKnownFileType = sourcecode.swift; path = QuizViewModel.swift; sourceTree = "<group>"; };
		8707C31B24A413A500D4FB66 /* QuestionViewModel.swift */ = {isa = PBXFileReference; lastKnownFileType = sourcecode.swift; path = QuestionViewModel.swift; sourceTree = "<group>"; };
		87262425248DB0C5001789C4 /* ContainerView.swift */ = {isa = PBXFileReference; lastKnownFileType = sourcecode.swift; path = ContainerView.swift; sourceTree = "<group>"; };
		872AD89E249901CE004C9B05 /* TabBarController.swift */ = {isa = PBXFileReference; lastKnownFileType = sourcecode.swift; path = TabBarController.swift; sourceTree = "<group>"; };
		8756B1E9248FCFCA00E0DD21 /* ResultService.swift */ = {isa = PBXFileReference; lastKnownFileType = sourcecode.swift; path = ResultService.swift; sourceTree = "<group>"; };
		875DE2E82468596B00E05641 /* LoginViewController.swift */ = {isa = PBXFileReference; lastKnownFileType = sourcecode.swift; path = LoginViewController.swift; sourceTree = "<group>"; };
		875DE2F0246885D600E05641 /* LoginService.swift */ = {isa = PBXFileReference; lastKnownFileType = sourcecode.swift; path = LoginService.swift; sourceTree = "<group>"; };
		87B0F1A5249D6E7700B30AF0 /* LeaderBoardService.swift */ = {isa = PBXFileReference; lastKnownFileType = sourcecode.swift; path = LeaderBoardService.swift; sourceTree = "<group>"; };
		87B0F1A7249EC57300B30AF0 /* LeaderboardController.swift */ = {isa = PBXFileReference; lastKnownFileType = sourcecode.swift; path = LeaderboardController.swift; sourceTree = "<group>"; };
		87B0F1A9249F53D600B30AF0 /* LeaderboardCell.swift */ = {isa = PBXFileReference; lastKnownFileType = sourcecode.swift; path = LeaderboardCell.swift; sourceTree = "<group>"; };
		87B0F1AB249F872700B30AF0 /* LeaderboardHeaderView.swift */ = {isa = PBXFileReference; lastKnownFileType = sourcecode.swift; path = LeaderboardHeaderView.swift; sourceTree = "<group>"; };
		87B0F1AD249F8F0900B30AF0 /* SettingsViewController.swift */ = {isa = PBXFileReference; lastKnownFileType = sourcecode.swift; path = SettingsViewController.swift; sourceTree = "<group>"; };
		87B0F1B2249FF32C00B30AF0 /* SearchController.swift */ = {isa = PBXFileReference; lastKnownFileType = sourcecode.swift; path = SearchController.swift; sourceTree = "<group>"; };
		87B52A4924674E980081BD70 /* Quizzoo.app */ = {isa = PBXFileReference; explicitFileType = wrapper.application; includeInIndex = 0; path = Quizzoo.app; sourceTree = BUILT_PRODUCTS_DIR; };
		87B52A4C24674E980081BD70 /* AppDelegate.swift */ = {isa = PBXFileReference; lastKnownFileType = sourcecode.swift; path = AppDelegate.swift; sourceTree = "<group>"; };
		87B52A4E24674E980081BD70 /* SceneDelegate.swift */ = {isa = PBXFileReference; lastKnownFileType = sourcecode.swift; path = SceneDelegate.swift; sourceTree = "<group>"; };
		87B52A5024674E980081BD70 /* ViewController.swift */ = {isa = PBXFileReference; lastKnownFileType = sourcecode.swift; path = ViewController.swift; sourceTree = "<group>"; };
		87B52A5524674E9B0081BD70 /* Assets.xcassets */ = {isa = PBXFileReference; lastKnownFileType = folder.assetcatalog; path = Assets.xcassets; sourceTree = "<group>"; };
		87B52A5824674E9B0081BD70 /* Base */ = {isa = PBXFileReference; lastKnownFileType = file.storyboard; name = Base; path = Base.lproj/LaunchScreen.storyboard; sourceTree = "<group>"; };
		87B52A5A24674E9B0081BD70 /* Info.plist */ = {isa = PBXFileReference; lastKnownFileType = text.plist.xml; path = Info.plist; sourceTree = "<group>"; };
		87B52A6124675E910081BD70 /* QuestionView.swift */ = {isa = PBXFileReference; lastKnownFileType = sourcecode.swift; path = QuestionView.swift; sourceTree = "<group>"; };
		87B52A63246764CE0081BD70 /* QuizService.swift */ = {isa = PBXFileReference; lastKnownFileType = sourcecode.swift; path = QuizService.swift; sourceTree = "<group>"; };
		87FA79862485951F008D9A80 /* QuizzesCell.swift */ = {isa = PBXFileReference; lastKnownFileType = sourcecode.swift; path = QuizzesCell.swift; sourceTree = "<group>"; };
		87FA798B2486F461008D9A80 /* QuizViewController.swift */ = {isa = PBXFileReference; lastKnownFileType = sourcecode.swift; path = QuizViewController.swift; sourceTree = "<group>"; };
		B191DB719ED8FA0D8234DCA4 /* Pods-Quizzoo.release.xcconfig */ = {isa = PBXFileReference; includeInIndex = 1; lastKnownFileType = text.xcconfig; name = "Pods-Quizzoo.release.xcconfig"; path = "Target Support Files/Pods-Quizzoo/Pods-Quizzoo.release.xcconfig"; sourceTree = "<group>"; };
/* End PBXFileReference section */

/* Begin PBXFrameworksBuildPhase section */
		87B52A4624674E980081BD70 /* Frameworks */ = {
			isa = PBXFrameworksBuildPhase;
			buildActionMask = 2147483647;
			files = (
				2B7632E7249D016378CFD393 /* Pods_Quizzoo.framework in Frameworks */,
			);
			runOnlyForDeploymentPostprocessing = 0;
		};
/* End PBXFrameworksBuildPhase section */

/* Begin PBXGroup section */
		76ABC564309CB4E261240898 /* Frameworks */ = {
			isa = PBXGroup;
			children = (
				69EC1991720AE5E2EB9662EB /* Pods_Quizzoo.framework */,
			);
			name = Frameworks;
			sourceTree = "<group>";
		};
		8707C30D24A4023500D4FB66 /* Model */ = {
			isa = PBXGroup;
			children = (
				8707C31624A407CA00D4FB66 /* DataController.swift */,
				8707C30A24A4023200D4FB66 /* Model.xcdatamodeld */,
				8707C30E24A402F000D4FB66 /* Quiz+CoreDataClass.swift */,
				8707C31024A4037C00D4FB66 /* Quiz+CoreDataProperties.swift */,
				8707C31224A403D500D4FB66 /* Question+CoreDataClass.swift */,
				8707C31424A4040800D4FB66 /* Question+CoreDataProperties.swift */,
			);
			path = Model;
			sourceTree = "<group>";
		};
		8707C31824A40BAC00D4FB66 /* ViewModel */ = {
			isa = PBXGroup;
			children = (
				8707C31924A40BC500D4FB66 /* QuizViewModel.swift */,
				8707C31B24A413A500D4FB66 /* QuestionViewModel.swift */,
			);
			path = ViewModel;
			sourceTree = "<group>";
		};
		875DE2EF2468853300E05641 /* Service */ = {
			isa = PBXGroup;
			children = (
				87B52A63246764CE0081BD70 /* QuizService.swift */,
				875DE2F0246885D600E05641 /* LoginService.swift */,
				8756B1E9248FCFCA00E0DD21 /* ResultService.swift */,
				87B0F1A5249D6E7700B30AF0 /* LeaderBoardService.swift */,
			);
			path = Service;
			sourceTree = "<group>";
		};
		87B52A4024674E980081BD70 = {
			isa = PBXGroup;
			children = (
				87B52A4B24674E980081BD70 /* Quizzoo */,
				87B52A4A24674E980081BD70 /* Products */,
				FFFEDC88436869B61A156486 /* Pods */,
				76ABC564309CB4E261240898 /* Frameworks */,
			);
			sourceTree = "<group>";
		};
		87B52A4A24674E980081BD70 /* Products */ = {
			isa = PBXGroup;
			children = (
				87B52A4924674E980081BD70 /* Quizzoo.app */,
			);
			name = Products;
			sourceTree = "<group>";
		};
		87B52A4B24674E980081BD70 /* Quizzoo */ = {
			isa = PBXGroup;
			children = (
				8707C31824A40BAC00D4FB66 /* ViewModel */,
				8707C30D24A4023500D4FB66 /* Model */,
				87B52A6024675E100081BD70 /* CustomViews */,
				875DE2EF2468853300E05641 /* Service */,
				87B52A4C24674E980081BD70 /* AppDelegate.swift */,
				87B52A4E24674E980081BD70 /* SceneDelegate.swift */,
				87B52A5024674E980081BD70 /* ViewController.swift */,
				87B52A5524674E9B0081BD70 /* Assets.xcassets */,
				87B52A5724674E9B0081BD70 /* LaunchScreen.storyboard */,
				87B52A5A24674E9B0081BD70 /* Info.plist */,
				875DE2E82468596B00E05641 /* LoginViewController.swift */,
				87FA79862485951F008D9A80 /* QuizzesCell.swift */,
				87FA798B2486F461008D9A80 /* QuizViewController.swift */,
				87262425248DB0C5001789C4 /* ContainerView.swift */,
				872AD89E249901CE004C9B05 /* TabBarController.swift */,
				87B0F1A7249EC57300B30AF0 /* LeaderboardController.swift */,
				87B0F1A9249F53D600B30AF0 /* LeaderboardCell.swift */,
				87B0F1AB249F872700B30AF0 /* LeaderboardHeaderView.swift */,
				87B0F1AD249F8F0900B30AF0 /* SettingsViewController.swift */,
				87B0F1B2249FF32C00B30AF0 /* SearchController.swift */,
			);
			path = Quizzoo;
			sourceTree = "<group>";
		};
		87B52A6024675E100081BD70 /* CustomViews */ = {
			isa = PBXGroup;
			children = (
				87B52A6124675E910081BD70 /* QuestionView.swift */,
			);
			path = CustomViews;
			sourceTree = "<group>";
		};
		FFFEDC88436869B61A156486 /* Pods */ = {
			isa = PBXGroup;
			children = (
				61F3CA42294CBC61544F7753 /* Pods-Quizzoo.debug.xcconfig */,
				B191DB719ED8FA0D8234DCA4 /* Pods-Quizzoo.release.xcconfig */,
			);
			path = Pods;
			sourceTree = "<group>";
		};
/* End PBXGroup section */

/* Begin PBXNativeTarget section */
		87B52A4824674E980081BD70 /* Quizzoo */ = {
			isa = PBXNativeTarget;
			buildConfigurationList = 87B52A5D24674E9B0081BD70 /* Build configuration list for PBXNativeTarget "Quizzoo" */;
			buildPhases = (
				2306089E350C0F12073B5E35 /* [CP] Check Pods Manifest.lock */,
				87B52A4524674E980081BD70 /* Sources */,
				87B52A4624674E980081BD70 /* Frameworks */,
				87B52A4724674E980081BD70 /* Resources */,
				871CFC4424A2B6F000DEB203 /* Embed Frameworks */,
				16085F174AD99FAAF24C0609 /* [CP] Embed Pods Frameworks */,
			);
			buildRules = (
			);
			dependencies = (
			);
			name = Quizzoo;
			packageProductDependencies = (
			);
			productName = Quizzoo;
			productReference = 87B52A4924674E980081BD70 /* Quizzoo.app */;
			productType = "com.apple.product-type.application";
		};
/* End PBXNativeTarget section */

/* Begin PBXProject section */
		87B52A4124674E980081BD70 /* Project object */ = {
			isa = PBXProject;
			attributes = {
				LastSwiftUpdateCheck = 1140;
				LastUpgradeCheck = 1140;
				ORGANIZATIONNAME = OmiApp;
				TargetAttributes = {
					87B52A4824674E980081BD70 = {
						CreatedOnToolsVersion = 11.4.1;
					};
				};
			};
			buildConfigurationList = 87B52A4424674E980081BD70 /* Build configuration list for PBXProject "Quizzoo" */;
			compatibilityVersion = "Xcode 9.3";
			developmentRegion = en;
			hasScannedForEncodings = 0;
			knownRegions = (
				en,
				Base,
			);
			mainGroup = 87B52A4024674E980081BD70;
			packageReferences = (
				875DE2E524683C1E00E05641 /* XCRemoteSwiftPackageReference "Kingfisher" */,
			);
			productRefGroup = 87B52A4A24674E980081BD70 /* Products */;
			projectDirPath = "";
			projectRoot = "";
			targets = (
				87B52A4824674E980081BD70 /* Quizzoo */,
			);
		};
/* End PBXProject section */

/* Begin PBXResourcesBuildPhase section */
		87B52A4724674E980081BD70 /* Resources */ = {
			isa = PBXResourcesBuildPhase;
			buildActionMask = 2147483647;
			files = (
				87B52A5924674E9B0081BD70 /* LaunchScreen.storyboard in Resources */,
				87B52A5624674E9B0081BD70 /* Assets.xcassets in Resources */,
			);
			runOnlyForDeploymentPostprocessing = 0;
		};
/* End PBXResourcesBuildPhase section */

/* Begin PBXShellScriptBuildPhase section */
		16085F174AD99FAAF24C0609 /* [CP] Embed Pods Frameworks */ = {
			isa = PBXShellScriptBuildPhase;
			buildActionMask = 2147483647;
			files = (
			);
			inputFileListPaths = (
				"${PODS_ROOT}/Target Support Files/Pods-Quizzoo/Pods-Quizzoo-frameworks-${CONFIGURATION}-input-files.xcfilelist",
			);
			name = "[CP] Embed Pods Frameworks";
			outputFileListPaths = (
				"${PODS_ROOT}/Target Support Files/Pods-Quizzoo/Pods-Quizzoo-frameworks-${CONFIGURATION}-output-files.xcfilelist",
			);
			runOnlyForDeploymentPostprocessing = 0;
			shellPath = /bin/sh;
			shellScript = "\"${PODS_ROOT}/Target Support Files/Pods-Quizzoo/Pods-Quizzoo-frameworks.sh\"\n";
			showEnvVarsInLog = 0;
		};
		2306089E350C0F12073B5E35 /* [CP] Check Pods Manifest.lock */ = {
			isa = PBXShellScriptBuildPhase;
			buildActionMask = 2147483647;
			files = (
			);
			inputFileListPaths = (
			);
			inputPaths = (
				"${PODS_PODFILE_DIR_PATH}/Podfile.lock",
				"${PODS_ROOT}/Manifest.lock",
			);
			name = "[CP] Check Pods Manifest.lock";
			outputFileListPaths = (
			);
			outputPaths = (
				"$(DERIVED_FILE_DIR)/Pods-Quizzoo-checkManifestLockResult.txt",
			);
			runOnlyForDeploymentPostprocessing = 0;
			shellPath = /bin/sh;
			shellScript = "diff \"${PODS_PODFILE_DIR_PATH}/Podfile.lock\" \"${PODS_ROOT}/Manifest.lock\" > /dev/null\nif [ $? != 0 ] ; then\n    # print error to STDERR\n    echo \"error: The sandbox is not in sync with the Podfile.lock. Run 'pod install' or update your CocoaPods installation.\" >&2\n    exit 1\nfi\n# This output is used by Xcode 'outputs' to avoid re-running this script phase.\necho \"SUCCESS\" > \"${SCRIPT_OUTPUT_FILE_0}\"\n";
			showEnvVarsInLog = 0;
		};
/* End PBXShellScriptBuildPhase section */

/* Begin PBXSourcesBuildPhase section */
		87B52A4524674E980081BD70 /* Sources */ = {
			isa = PBXSourcesBuildPhase;
			buildActionMask = 2147483647;
			files = (
				8707C30F24A402F000D4FB66 /* Quiz+CoreDataClass.swift in Sources */,
				8707C31524A4040800D4FB66 /* Question+CoreDataProperties.swift in Sources */,
				87262426248DB0C5001789C4 /* ContainerView.swift in Sources */,
				8707C31A24A40BC500D4FB66 /* QuizViewModel.swift in Sources */,
				87B0F1AA249F53D600B30AF0 /* LeaderboardCell.swift in Sources */,
				8707C31324A403D500D4FB66 /* Question+CoreDataClass.swift in Sources */,
				87B0F1A8249EC57300B30AF0 /* LeaderboardController.swift in Sources */,
				875DE2E92468596B00E05641 /* LoginViewController.swift in Sources */,
				87B52A6224675E920081BD70 /* QuestionView.swift in Sources */,
				8707C31124A4037C00D4FB66 /* Quiz+CoreDataProperties.swift in Sources */,
				8707C31C24A413A500D4FB66 /* QuestionViewModel.swift in Sources */,
				87B52A5124674E980081BD70 /* ViewController.swift in Sources */,
				87B0F1B3249FF32C00B30AF0 /* SearchController.swift in Sources */,
				87B52A64246764CE0081BD70 /* QuizService.swift in Sources */,
				8756B1EA248FCFCA00E0DD21 /* ResultService.swift in Sources */,
				8707C31724A407CA00D4FB66 /* DataController.swift in Sources */,
				87B0F1A6249D6E7700B30AF0 /* LeaderBoardService.swift in Sources */,
				87B52A4D24674E980081BD70 /* AppDelegate.swift in Sources */,
				87B52A4F24674E980081BD70 /* SceneDelegate.swift in Sources */,
				87FA798C2486F461008D9A80 /* QuizViewController.swift in Sources */,
				87B0F1AE249F8F0900B30AF0 /* SettingsViewController.swift in Sources */,
				872AD89F249901CE004C9B05 /* TabBarController.swift in Sources */,
				875DE2F1246885D600E05641 /* LoginService.swift in Sources */,
				87FA79872485951F008D9A80 /* QuizzesCell.swift in Sources */,
				8707C30C24A4023200D4FB66 /* Model.xcdatamodeld in Sources */,
				87B0F1AC249F872700B30AF0 /* LeaderboardHeaderView.swift in Sources */,
			);
			runOnlyForDeploymentPostprocessing = 0;
		};
/* End PBXSourcesBuildPhase section */

/* Begin PBXVariantGroup section */
		87B52A5724674E9B0081BD70 /* LaunchScreen.storyboard */ = {
			isa = PBXVariantGroup;
			children = (
				87B52A5824674E9B0081BD70 /* Base */,
			);
			name = LaunchScreen.storyboard;
			sourceTree = "<group>";
		};
/* End PBXVariantGroup section */

/* Begin XCBuildConfiguration section */
		87B52A5B24674E9B0081BD70 /* Debug */ = {
			isa = XCBuildConfiguration;
			buildSettings = {
				ALWAYS_SEARCH_USER_PATHS = NO;
				CLANG_ANALYZER_NONNULL = YES;
				CLANG_ANALYZER_NUMBER_OBJECT_CONVERSION = YES_AGGRESSIVE;
				CLANG_CXX_LANGUAGE_STANDARD = "gnu++14";
				CLANG_CXX_LIBRARY = "libc++";
				CLANG_ENABLE_MODULES = YES;
				CLANG_ENABLE_OBJC_ARC = YES;
				CLANG_ENABLE_OBJC_WEAK = YES;
				CLANG_WARN_BLOCK_CAPTURE_AUTORELEASING = YES;
				CLANG_WARN_BOOL_CONVERSION = YES;
				CLANG_WARN_COMMA = YES;
				CLANG_WARN_CONSTANT_CONVERSION = YES;
				CLANG_WARN_DEPRECATED_OBJC_IMPLEMENTATIONS = YES;
				CLANG_WARN_DIRECT_OBJC_ISA_USAGE = YES_ERROR;
				CLANG_WARN_DOCUMENTATION_COMMENTS = YES;
				CLANG_WARN_EMPTY_BODY = YES;
				CLANG_WARN_ENUM_CONVERSION = YES;
				CLANG_WARN_INFINITE_RECURSION = YES;
				CLANG_WARN_INT_CONVERSION = YES;
				CLANG_WARN_NON_LITERAL_NULL_CONVERSION = YES;
				CLANG_WARN_OBJC_IMPLICIT_RETAIN_SELF = YES;
				CLANG_WARN_OBJC_LITERAL_CONVERSION = YES;
				CLANG_WARN_OBJC_ROOT_CLASS = YES_ERROR;
				CLANG_WARN_RANGE_LOOP_ANALYSIS = YES;
				CLANG_WARN_STRICT_PROTOTYPES = YES;
				CLANG_WARN_SUSPICIOUS_MOVE = YES;
				CLANG_WARN_UNGUARDED_AVAILABILITY = YES_AGGRESSIVE;
				CLANG_WARN_UNREACHABLE_CODE = YES;
				CLANG_WARN__DUPLICATE_METHOD_MATCH = YES;
				COPY_PHASE_STRIP = NO;
				DEBUG_INFORMATION_FORMAT = dwarf;
				ENABLE_STRICT_OBJC_MSGSEND = YES;
				ENABLE_TESTABILITY = YES;
				GCC_C_LANGUAGE_STANDARD = gnu11;
				GCC_DYNAMIC_NO_PIC = NO;
				GCC_NO_COMMON_BLOCKS = YES;
				GCC_OPTIMIZATION_LEVEL = 0;
				GCC_PREPROCESSOR_DEFINITIONS = (
					"DEBUG=1",
					"$(inherited)",
				);
				GCC_WARN_64_TO_32_BIT_CONVERSION = YES;
				GCC_WARN_ABOUT_RETURN_TYPE = YES_ERROR;
				GCC_WARN_UNDECLARED_SELECTOR = YES;
				GCC_WARN_UNINITIALIZED_AUTOS = YES_AGGRESSIVE;
				GCC_WARN_UNUSED_FUNCTION = YES;
				GCC_WARN_UNUSED_VARIABLE = YES;
				IPHONEOS_DEPLOYMENT_TARGET = 13.4;
				MTL_ENABLE_DEBUG_INFO = INCLUDE_SOURCE;
				MTL_FAST_MATH = YES;
				ONLY_ACTIVE_ARCH = YES;
				SDKROOT = iphoneos;
				SWIFT_ACTIVE_COMPILATION_CONDITIONS = DEBUG;
				SWIFT_OPTIMIZATION_LEVEL = "-Onone";
			};
			name = Debug;
		};
		87B52A5C24674E9B0081BD70 /* Release */ = {
			isa = XCBuildConfiguration;
			buildSettings = {
				ALWAYS_SEARCH_USER_PATHS = NO;
				CLANG_ANALYZER_NONNULL = YES;
				CLANG_ANALYZER_NUMBER_OBJECT_CONVERSION = YES_AGGRESSIVE;
				CLANG_CXX_LANGUAGE_STANDARD = "gnu++14";
				CLANG_CXX_LIBRARY = "libc++";
				CLANG_ENABLE_MODULES = YES;
				CLANG_ENABLE_OBJC_ARC = YES;
				CLANG_ENABLE_OBJC_WEAK = YES;
				CLANG_WARN_BLOCK_CAPTURE_AUTORELEASING = YES;
				CLANG_WARN_BOOL_CONVERSION = YES;
				CLANG_WARN_COMMA = YES;
				CLANG_WARN_CONSTANT_CONVERSION = YES;
				CLANG_WARN_DEPRECATED_OBJC_IMPLEMENTATIONS = YES;
				CLANG_WARN_DIRECT_OBJC_ISA_USAGE = YES_ERROR;
				CLANG_WARN_DOCUMENTATION_COMMENTS = YES;
				CLANG_WARN_EMPTY_BODY = YES;
				CLANG_WARN_ENUM_CONVERSION = YES;
				CLANG_WARN_INFINITE_RECURSION = YES;
				CLANG_WARN_INT_CONVERSION = YES;
				CLANG_WARN_NON_LITERAL_NULL_CONVERSION = YES;
				CLANG_WARN_OBJC_IMPLICIT_RETAIN_SELF = YES;
				CLANG_WARN_OBJC_LITERAL_CONVERSION = YES;
				CLANG_WARN_OBJC_ROOT_CLASS = YES_ERROR;
				CLANG_WARN_RANGE_LOOP_ANALYSIS = YES;
				CLANG_WARN_STRICT_PROTOTYPES = YES;
				CLANG_WARN_SUSPICIOUS_MOVE = YES;
				CLANG_WARN_UNGUARDED_AVAILABILITY = YES_AGGRESSIVE;
				CLANG_WARN_UNREACHABLE_CODE = YES;
				CLANG_WARN__DUPLICATE_METHOD_MATCH = YES;
				COPY_PHASE_STRIP = NO;
				DEBUG_INFORMATION_FORMAT = "dwarf-with-dsym";
				ENABLE_NS_ASSERTIONS = NO;
				ENABLE_STRICT_OBJC_MSGSEND = YES;
				GCC_C_LANGUAGE_STANDARD = gnu11;
				GCC_NO_COMMON_BLOCKS = YES;
				GCC_WARN_64_TO_32_BIT_CONVERSION = YES;
				GCC_WARN_ABOUT_RETURN_TYPE = YES_ERROR;
				GCC_WARN_UNDECLARED_SELECTOR = YES;
				GCC_WARN_UNINITIALIZED_AUTOS = YES_AGGRESSIVE;
				GCC_WARN_UNUSED_FUNCTION = YES;
				GCC_WARN_UNUSED_VARIABLE = YES;
				IPHONEOS_DEPLOYMENT_TARGET = 13.4;
				MTL_ENABLE_DEBUG_INFO = NO;
				MTL_FAST_MATH = YES;
				SDKROOT = iphoneos;
				SWIFT_COMPILATION_MODE = wholemodule;
				SWIFT_OPTIMIZATION_LEVEL = "-O";
				VALIDATE_PRODUCT = YES;
			};
			name = Release;
		};
		87B52A5E24674E9B0081BD70 /* Debug */ = {
			isa = XCBuildConfiguration;
			baseConfigurationReference = 61F3CA42294CBC61544F7753 /* Pods-Quizzoo.debug.xcconfig */;
			buildSettings = {
				ASSETCATALOG_COMPILER_APPICON_NAME = AppIcon;
				CODE_SIGN_STYLE = Automatic;
				DEVELOPMENT_TEAM = NY48KUVPWE;
				INFOPLIST_FILE = Quizzoo/Info.plist;
				LD_RUNPATH_SEARCH_PATHS = (
					"$(inherited)",
					"@executable_path/Frameworks",
				);
				PRODUCT_BUNDLE_IDENTIFIER = com.OmiApp.Quizzoo;
				PRODUCT_NAME = "$(TARGET_NAME)";
				SWIFT_VERSION = 5.0;
				TARGETED_DEVICE_FAMILY = "1,2";
			};
			name = Debug;
		};
		87B52A5F24674E9B0081BD70 /* Release */ = {
			isa = XCBuildConfiguration;
			baseConfigurationReference = B191DB719ED8FA0D8234DCA4 /* Pods-Quizzoo.release.xcconfig */;
			buildSettings = {
				ASSETCATALOG_COMPILER_APPICON_NAME = AppIcon;
				CODE_SIGN_STYLE = Automatic;
				DEVELOPMENT_TEAM = NY48KUVPWE;
				INFOPLIST_FILE = Quizzoo/Info.plist;
				LD_RUNPATH_SEARCH_PATHS = (
					"$(inherited)",
					"@executable_path/Frameworks",
				);
				PRODUCT_BUNDLE_IDENTIFIER = com.OmiApp.Quizzoo;
				PRODUCT_NAME = "$(TARGET_NAME)";
				SWIFT_VERSION = 5.0;
				TARGETED_DEVICE_FAMILY = "1,2";
			};
			name = Release;
		};
/* End XCBuildConfiguration section */

/* Begin XCConfigurationList section */
		87B52A4424674E980081BD70 /* Build configuration list for PBXProject "Quizzoo" */ = {
			isa = XCConfigurationList;
			buildConfigurations = (
				87B52A5B24674E9B0081BD70 /* Debug */,
				87B52A5C24674E9B0081BD70 /* Release */,
			);
			defaultConfigurationIsVisible = 0;
			defaultConfigurationName = Release;
		};
		87B52A5D24674E9B0081BD70 /* Build configuration list for PBXNativeTarget "Quizzoo" */ = {
			isa = XCConfigurationList;
			buildConfigurations = (
				87B52A5E24674E9B0081BD70 /* Debug */,
				87B52A5F24674E9B0081BD70 /* Release */,
			);
			defaultConfigurationIsVisible = 0;
			defaultConfigurationName = Release;
		};
/* End XCConfigurationList section */

/* Begin XCRemoteSwiftPackageReference section */
		875DE2E524683C1E00E05641 /* XCRemoteSwiftPackageReference "Kingfisher" */ = {
			isa = XCRemoteSwiftPackageReference;
			repositoryURL = "https://github.com/onevcat/Kingfisher.git";
			requirement = {
				kind = exactVersion;
				version = 5.13.0;
			};
		};
/* End XCRemoteSwiftPackageReference section */

/* Begin XCVersionGroup section */
		8707C30A24A4023200D4FB66 /* Model.xcdatamodeld */ = {
			isa = XCVersionGroup;
			children = (
				8707C30B24A4023200D4FB66 /* Model.xcdatamodel */,
			);
			currentVersion = 8707C30B24A4023200D4FB66 /* Model.xcdatamodel */;
			path = Model.xcdatamodeld;
			sourceTree = "<group>";
			versionGroupType = wrapper.xcdatamodel;
		};
/* End XCVersionGroup section */
	};
	rootObject = 87B52A4124674E980081BD70 /* Project object */;
}
